// !$*UTF8*$!
{
	archiveVersion = 1;
	classes = {
	};
	objectVersion = 56;
	objects = {

/* Begin PBXBuildFile section */
		F8811FBA2B33472600E7BA68 /* AppDelegate.swift in Sources */ = {isa = PBXBuildFile; fileRef = F8811FB92B33472600E7BA68 /* AppDelegate.swift */; };
		F8811FBE2B33472600E7BA68 /* Main.html in Resources */ = {isa = PBXBuildFile; fileRef = F8811FBC2B33472600E7BA68 /* Main.html */; };
		F8811FC02B33472600E7BA68 /* Icon.png in Resources */ = {isa = PBXBuildFile; fileRef = F8811FBF2B33472600E7BA68 /* Icon.png */; };
		F8811FC22B33472600E7BA68 /* Style.css in Resources */ = {isa = PBXBuildFile; fileRef = F8811FC12B33472600E7BA68 /* Style.css */; };
		F8811FC42B33472600E7BA68 /* Script.js in Resources */ = {isa = PBXBuildFile; fileRef = F8811FC32B33472600E7BA68 /* Script.js */; };
		F8811FC62B33472600E7BA68 /* ViewController.swift in Sources */ = {isa = PBXBuildFile; fileRef = F8811FC52B33472600E7BA68 /* ViewController.swift */; };
		F8811FC92B33472600E7BA68 /* Main.storyboard in Resources */ = {isa = PBXBuildFile; fileRef = F8811FC72B33472600E7BA68 /* Main.storyboard */; };
		F8811FCB2B33472700E7BA68 /* Assets.xcassets in Resources */ = {isa = PBXBuildFile; fileRef = F8811FCA2B33472700E7BA68 /* Assets.xcassets */; };
		F8811FD32B33472700E7BA68 /* Picture-In-Picture Extension.appex in Embed Foundation Extensions */ = {isa = PBXBuildFile; fileRef = F8811FD22B33472700E7BA68 /* Picture-In-Picture Extension.appex */; settings = {ATTRIBUTES = (RemoveHeadersOnCopy, ); }; };
		F8811FD82B33472700E7BA68 /* SafariExtensionHandler.swift in Sources */ = {isa = PBXBuildFile; fileRef = F8811FD72B33472700E7BA68 /* SafariExtensionHandler.swift */; };
		F8811FDD2B33472700E7BA68 /* script.js in Resources */ = {isa = PBXBuildFile; fileRef = F8811FDC2B33472700E7BA68 /* script.js */; };
		F8811FDF2B33472700E7BA68 /* ToolbarItemIcon.pdf in Resources */ = {isa = PBXBuildFile; fileRef = F8811FDE2B33472700E7BA68 /* ToolbarItemIcon.pdf */; };
/* End PBXBuildFile section */

/* Begin PBXContainerItemProxy section */
		F8811FD42B33472700E7BA68 /* PBXContainerItemProxy */ = {
			isa = PBXContainerItemProxy;
			containerPortal = F8811FAE2B33472600E7BA68 /* Project object */;
			proxyType = 1;
			remoteGlobalIDString = F8811FD12B33472700E7BA68;
			remoteInfo = "Picture-In-Picture Extension";
		};
/* End PBXContainerItemProxy section */

/* Begin PBXCopyFilesBuildPhase section */
		F8811FEA2B33472700E7BA68 /* Embed Foundation Extensions */ = {
			isa = PBXCopyFilesBuildPhase;
			buildActionMask = 2147483647;
			dstPath = "";
			dstSubfolderSpec = 13;
			files = (
				F8811FD32B33472700E7BA68 /* Picture-In-Picture Extension.appex in Embed Foundation Extensions */,
			);
			name = "Embed Foundation Extensions";
			runOnlyForDeploymentPostprocessing = 0;
		};
/* End PBXCopyFilesBuildPhase section */

/* Begin PBXFileReference section */
		F8811FB62B33472600E7BA68 /* Picture-In-Picture.app */ = {isa = PBXFileReference; explicitFileType = wrapper.application; includeInIndex = 0; path = "Picture-In-Picture.app"; sourceTree = BUILT_PRODUCTS_DIR; };
		F8811FB92B33472600E7BA68 /* AppDelegate.swift */ = {isa = PBXFileReference; lastKnownFileType = sourcecode.swift; path = AppDelegate.swift; sourceTree = "<group>"; };
		F8811FBD2B33472600E7BA68 /* Base */ = {isa = PBXFileReference; lastKnownFileType = text.html; name = Base; path = ../Base.lproj/Main.html; sourceTree = "<group>"; };
		F8811FBF2B33472600E7BA68 /* Icon.png */ = {isa = PBXFileReference; lastKnownFileType = image.png; path = Icon.png; sourceTree = "<group>"; };
		F8811FC12B33472600E7BA68 /* Style.css */ = {isa = PBXFileReference; lastKnownFileType = text.css; path = Style.css; sourceTree = "<group>"; };
		F8811FC32B33472600E7BA68 /* Script.js */ = {isa = PBXFileReference; lastKnownFileType = sourcecode.javascript; path = Script.js; sourceTree = "<group>"; };
		F8811FC52B33472600E7BA68 /* ViewController.swift */ = {isa = PBXFileReference; lastKnownFileType = sourcecode.swift; path = ViewController.swift; sourceTree = "<group>"; };
		F8811FC82B33472600E7BA68 /* Base */ = {isa = PBXFileReference; lastKnownFileType = file.storyboard; name = Base; path = Base.lproj/Main.storyboard; sourceTree = "<group>"; };
		F8811FCA2B33472700E7BA68 /* Assets.xcassets */ = {isa = PBXFileReference; lastKnownFileType = folder.assetcatalog; path = Assets.xcassets; sourceTree = "<group>"; };
		F8811FCC2B33472700E7BA68 /* Picture_In_Picture.entitlements */ = {isa = PBXFileReference; lastKnownFileType = text.plist.entitlements; path = Picture_In_Picture.entitlements; sourceTree = "<group>"; };
		F8811FCD2B33472700E7BA68 /* Picture-In-Picture.entitlements */ = {isa = PBXFileReference; lastKnownFileType = text.plist.entitlements; path = "Picture-In-Picture.entitlements"; sourceTree = "<group>"; };
		F8811FD22B33472700E7BA68 /* Picture-In-Picture Extension.appex */ = {isa = PBXFileReference; explicitFileType = "wrapper.app-extension"; includeInIndex = 0; path = "Picture-In-Picture Extension.appex"; sourceTree = BUILT_PRODUCTS_DIR; };
		F8811FD72B33472700E7BA68 /* SafariExtensionHandler.swift */ = {isa = PBXFileReference; lastKnownFileType = sourcecode.swift; path = SafariExtensionHandler.swift; sourceTree = "<group>"; };
		F8811FDC2B33472700E7BA68 /* script.js */ = {isa = PBXFileReference; lastKnownFileType = sourcecode.javascript; path = script.js; sourceTree = "<group>"; };
		F8811FDE2B33472700E7BA68 /* ToolbarItemIcon.pdf */ = {isa = PBXFileReference; lastKnownFileType = image.pdf; path = ToolbarItemIcon.pdf; sourceTree = "<group>"; };
		F8811FE32B33472700E7BA68 /* Info.plist */ = {isa = PBXFileReference; lastKnownFileType = text.plist.xml; path = Info.plist; sourceTree = "<group>"; };
		F8811FE42B33472700E7BA68 /* Picture_In_Picture_Extension.entitlements */ = {isa = PBXFileReference; lastKnownFileType = text.plist.entitlements; path = Picture_In_Picture_Extension.entitlements; sourceTree = "<group>"; };
/* End PBXFileReference section */

/* Begin PBXFrameworksBuildPhase section */
		F8811FB32B33472600E7BA68 /* Frameworks */ = {
			isa = PBXFrameworksBuildPhase;
			buildActionMask = 2147483647;
			files = (
			);
			runOnlyForDeploymentPostprocessing = 0;
		};
		F8811FCF2B33472700E7BA68 /* Frameworks */ = {
			isa = PBXFrameworksBuildPhase;
			buildActionMask = 2147483647;
			files = (
			);
			runOnlyForDeploymentPostprocessing = 0;
		};
/* End PBXFrameworksBuildPhase section */

/* Begin PBXGroup section */
		F8811FAD2B33472600E7BA68 = {
			isa = PBXGroup;
			children = (
				F8811FB82B33472600E7BA68 /* Picture-In-Picture */,
				F8811FD62B33472700E7BA68 /* Picture-In-Picture Extension */,
				F8811FB72B33472600E7BA68 /* Products */,
			);
			sourceTree = "<group>";
		};
		F8811FB72B33472600E7BA68 /* Products */ = {
			isa = PBXGroup;
			children = (
				F8811FB62B33472600E7BA68 /* Picture-In-Picture.app */,
				F8811FD22B33472700E7BA68 /* Picture-In-Picture Extension.appex */,
			);
			name = Products;
			sourceTree = "<group>";
		};
		F8811FB82B33472600E7BA68 /* Picture-In-Picture */ = {
			isa = PBXGroup;
			children = (
				F8811FB92B33472600E7BA68 /* AppDelegate.swift */,
				F8811FC52B33472600E7BA68 /* ViewController.swift */,
				F8811FC72B33472600E7BA68 /* Main.storyboard */,
				F8811FCA2B33472700E7BA68 /* Assets.xcassets */,
				F8811FCC2B33472700E7BA68 /* Picture_In_Picture.entitlements */,
				F8811FCD2B33472700E7BA68 /* Picture-In-Picture.entitlements */,
				F8811FBB2B33472600E7BA68 /* Resources */,
			);
			path = "Picture-In-Picture";
			sourceTree = "<group>";
		};
		F8811FBB2B33472600E7BA68 /* Resources */ = {
			isa = PBXGroup;
			children = (
				F8811FBC2B33472600E7BA68 /* Main.html */,
				F8811FBF2B33472600E7BA68 /* Icon.png */,
				F8811FC12B33472600E7BA68 /* Style.css */,
				F8811FC32B33472600E7BA68 /* Script.js */,
			);
			path = Resources;
			sourceTree = "<group>";
		};
		F8811FD62B33472700E7BA68 /* Picture-In-Picture Extension */ = {
			isa = PBXGroup;
			children = (
				F8811FD72B33472700E7BA68 /* SafariExtensionHandler.swift */,
				F8811FE32B33472700E7BA68 /* Info.plist */,
				F8811FE42B33472700E7BA68 /* Picture_In_Picture_Extension.entitlements */,
				F8811FDB2B33472700E7BA68 /* Resources */,
			);
			path = "Picture-In-Picture Extension";
			sourceTree = "<group>";
		};
		F8811FDB2B33472700E7BA68 /* Resources */ = {
			isa = PBXGroup;
			children = (
				F8811FDC2B33472700E7BA68 /* script.js */,
				F8811FDE2B33472700E7BA68 /* ToolbarItemIcon.pdf */,
			);
			path = Resources;
			sourceTree = "<group>";
		};
/* End PBXGroup section */

/* Begin PBXNativeTarget section */
		F8811FB52B33472600E7BA68 /* Picture-In-Picture */ = {
			isa = PBXNativeTarget;
			buildConfigurationList = F8811FEB2B33472700E7BA68 /* Build configuration list for PBXNativeTarget "Picture-In-Picture" */;
			buildPhases = (
				F8811FB22B33472600E7BA68 /* Sources */,
				F8811FB32B33472600E7BA68 /* Frameworks */,
				F8811FB42B33472600E7BA68 /* Resources */,
				F8811FEA2B33472700E7BA68 /* Embed Foundation Extensions */,
			);
			buildRules = (
			);
			dependencies = (
				F8811FD52B33472700E7BA68 /* PBXTargetDependency */,
			);
			name = "Picture-In-Picture";
			productName = "Picture-In-Picture";
			productReference = F8811FB62B33472600E7BA68 /* Picture-In-Picture.app */;
			productType = "com.apple.product-type.application";
		};
		F8811FD12B33472700E7BA68 /* Picture-In-Picture Extension */ = {
			isa = PBXNativeTarget;
			buildConfigurationList = F8811FE72B33472700E7BA68 /* Build configuration list for PBXNativeTarget "Picture-In-Picture Extension" */;
			buildPhases = (
				F8811FCE2B33472700E7BA68 /* Sources */,
				F8811FCF2B33472700E7BA68 /* Frameworks */,
				F8811FD02B33472700E7BA68 /* Resources */,
			);
			buildRules = (
			);
			dependencies = (
			);
			name = "Picture-In-Picture Extension";
			productName = "Picture-In-Picture Extension";
			productReference = F8811FD22B33472700E7BA68 /* Picture-In-Picture Extension.appex */;
			productType = "com.apple.product-type.app-extension";
		};
/* End PBXNativeTarget section */

/* Begin PBXProject section */
		F8811FAE2B33472600E7BA68 /* Project object */ = {
			isa = PBXProject;
			attributes = {
				BuildIndependentTargetsInParallel = 1;
				LastSwiftUpdateCheck = 1510;
				LastUpgradeCheck = 1510;
				TargetAttributes = {
					F8811FB52B33472600E7BA68 = {
						CreatedOnToolsVersion = 15.1;
					};
					F8811FD12B33472700E7BA68 = {
						CreatedOnToolsVersion = 15.1;
					};
				};
			};
			buildConfigurationList = F8811FB12B33472600E7BA68 /* Build configuration list for PBXProject "Picture-In-Picture" */;
			compatibilityVersion = "Xcode 14.0";
			developmentRegion = en;
			hasScannedForEncodings = 0;
			knownRegions = (
				en,
				Base,
			);
			mainGroup = F8811FAD2B33472600E7BA68;
			productRefGroup = F8811FB72B33472600E7BA68 /* Products */;
			projectDirPath = "";
			projectRoot = "";
			targets = (
				F8811FB52B33472600E7BA68 /* Picture-In-Picture */,
				F8811FD12B33472700E7BA68 /* Picture-In-Picture Extension */,
			);
		};
/* End PBXProject section */

/* Begin PBXResourcesBuildPhase section */
		F8811FB42B33472600E7BA68 /* Resources */ = {
			isa = PBXResourcesBuildPhase;
			buildActionMask = 2147483647;
			files = (
				F8811FC02B33472600E7BA68 /* Icon.png in Resources */,
				F8811FC92B33472600E7BA68 /* Main.storyboard in Resources */,
				F8811FC42B33472600E7BA68 /* Script.js in Resources */,
				F8811FBE2B33472600E7BA68 /* Main.html in Resources */,
				F8811FCB2B33472700E7BA68 /* Assets.xcassets in Resources */,
				F8811FC22B33472600E7BA68 /* Style.css in Resources */,
			);
			runOnlyForDeploymentPostprocessing = 0;
		};
		F8811FD02B33472700E7BA68 /* Resources */ = {
			isa = PBXResourcesBuildPhase;
			buildActionMask = 2147483647;
			files = (
				F8811FDF2B33472700E7BA68 /* ToolbarItemIcon.pdf in Resources */,
				F8811FDD2B33472700E7BA68 /* script.js in Resources */,
			);
			runOnlyForDeploymentPostprocessing = 0;
		};
/* End PBXResourcesBuildPhase section */

/* Begin PBXSourcesBuildPhase section */
		F8811FB22B33472600E7BA68 /* Sources */ = {
			isa = PBXSourcesBuildPhase;
			buildActionMask = 2147483647;
			files = (
				F8811FC62B33472600E7BA68 /* ViewController.swift in Sources */,
				F8811FBA2B33472600E7BA68 /* AppDelegate.swift in Sources */,
			);
			runOnlyForDeploymentPostprocessing = 0;
		};
		F8811FCE2B33472700E7BA68 /* Sources */ = {
			isa = PBXSourcesBuildPhase;
			buildActionMask = 2147483647;
			files = (
				F8811FD82B33472700E7BA68 /* SafariExtensionHandler.swift in Sources */,
			);
			runOnlyForDeploymentPostprocessing = 0;
		};
/* End PBXSourcesBuildPhase section */

/* Begin PBXTargetDependency section */
		F8811FD52B33472700E7BA68 /* PBXTargetDependency */ = {
			isa = PBXTargetDependency;
			target = F8811FD12B33472700E7BA68 /* Picture-In-Picture Extension */;
			targetProxy = F8811FD42B33472700E7BA68 /* PBXContainerItemProxy */;
		};
/* End PBXTargetDependency section */

/* Begin PBXVariantGroup section */
		F8811FBC2B33472600E7BA68 /* Main.html */ = {
			isa = PBXVariantGroup;
			children = (
				F8811FBD2B33472600E7BA68 /* Base */,
			);
			name = Main.html;
			sourceTree = "<group>";
		};
		F8811FC72B33472600E7BA68 /* Main.storyboard */ = {
			isa = PBXVariantGroup;
			children = (
				F8811FC82B33472600E7BA68 /* Base */,
			);
			name = Main.storyboard;
			sourceTree = "<group>";
		};
/* End PBXVariantGroup section */

/* Begin XCBuildConfiguration section */
		F8811FE52B33472700E7BA68 /* Debug */ = {
			isa = XCBuildConfiguration;
			buildSettings = {
				ALWAYS_SEARCH_USER_PATHS = NO;
				ASSETCATALOG_COMPILER_GENERATE_SWIFT_ASSET_SYMBOL_EXTENSIONS = YES;
				CLANG_ANALYZER_NONNULL = YES;
				CLANG_ANALYZER_NUMBER_OBJECT_CONVERSION = YES_AGGRESSIVE;
				CLANG_CXX_LANGUAGE_STANDARD = "gnu++20";
				CLANG_ENABLE_MODULES = YES;
				CLANG_ENABLE_OBJC_ARC = YES;
				CLANG_ENABLE_OBJC_WEAK = YES;
				CLANG_WARN_BLOCK_CAPTURE_AUTORELEASING = YES;
				CLANG_WARN_BOOL_CONVERSION = YES;
				CLANG_WARN_COMMA = YES;
				CLANG_WARN_CONSTANT_CONVERSION = YES;
				CLANG_WARN_DEPRECATED_OBJC_IMPLEMENTATIONS = YES;
				CLANG_WARN_DIRECT_OBJC_ISA_USAGE = YES_ERROR;
				CLANG_WARN_DOCUMENTATION_COMMENTS = YES;
				CLANG_WARN_EMPTY_BODY = YES;
				CLANG_WARN_ENUM_CONVERSION = YES;
				CLANG_WARN_INFINITE_RECURSION = YES;
				CLANG_WARN_INT_CONVERSION = YES;
				CLANG_WARN_NON_LITERAL_NULL_CONVERSION = YES;
				CLANG_WARN_OBJC_IMPLICIT_RETAIN_SELF = YES;
				CLANG_WARN_OBJC_LITERAL_CONVERSION = YES;
				CLANG_WARN_OBJC_ROOT_CLASS = YES_ERROR;
				CLANG_WARN_QUOTED_INCLUDE_IN_FRAMEWORK_HEADER = YES;
				CLANG_WARN_RANGE_LOOP_ANALYSIS = YES;
				CLANG_WARN_STRICT_PROTOTYPES = YES;
				CLANG_WARN_SUSPICIOUS_MOVE = YES;
				CLANG_WARN_UNGUARDED_AVAILABILITY = YES_AGGRESSIVE;
				CLANG_WARN_UNREACHABLE_CODE = YES;
				CLANG_WARN__DUPLICATE_METHOD_MATCH = YES;
				COPY_PHASE_STRIP = NO;
				DEBUG_INFORMATION_FORMAT = dwarf;
				ENABLE_STRICT_OBJC_MSGSEND = YES;
				ENABLE_TESTABILITY = YES;
				ENABLE_USER_SCRIPT_SANDBOXING = YES;
				GCC_C_LANGUAGE_STANDARD = gnu17;
				GCC_DYNAMIC_NO_PIC = NO;
				GCC_NO_COMMON_BLOCKS = YES;
				GCC_OPTIMIZATION_LEVEL = 0;
				GCC_PREPROCESSOR_DEFINITIONS = (
					"DEBUG=1",
					"$(inherited)",
				);
				GCC_WARN_64_TO_32_BIT_CONVERSION = YES;
				GCC_WARN_ABOUT_RETURN_TYPE = YES_ERROR;
				GCC_WARN_UNDECLARED_SELECTOR = YES;
				GCC_WARN_UNINITIALIZED_AUTOS = YES_AGGRESSIVE;
				GCC_WARN_UNUSED_FUNCTION = YES;
				GCC_WARN_UNUSED_VARIABLE = YES;
				LOCALIZATION_PREFERS_STRING_CATALOGS = YES;
				MACOSX_DEPLOYMENT_TARGET = 14.2;
				MTL_ENABLE_DEBUG_INFO = INCLUDE_SOURCE;
				MTL_FAST_MATH = YES;
				ONLY_ACTIVE_ARCH = YES;
				SDKROOT = macosx;
				SWIFT_ACTIVE_COMPILATION_CONDITIONS = "DEBUG $(inherited)";
				SWIFT_OPTIMIZATION_LEVEL = "-Onone";
			};
			name = Debug;
		};
		F8811FE62B33472700E7BA68 /* Release */ = {
			isa = XCBuildConfiguration;
			buildSettings = {
				ALWAYS_SEARCH_USER_PATHS = NO;
				ASSETCATALOG_COMPILER_GENERATE_SWIFT_ASSET_SYMBOL_EXTENSIONS = YES;
				CLANG_ANALYZER_NONNULL = YES;
				CLANG_ANALYZER_NUMBER_OBJECT_CONVERSION = YES_AGGRESSIVE;
				CLANG_CXX_LANGUAGE_STANDARD = "gnu++20";
				CLANG_ENABLE_MODULES = YES;
				CLANG_ENABLE_OBJC_ARC = YES;
				CLANG_ENABLE_OBJC_WEAK = YES;
				CLANG_WARN_BLOCK_CAPTURE_AUTORELEASING = YES;
				CLANG_WARN_BOOL_CONVERSION = YES;
				CLANG_WARN_COMMA = YES;
				CLANG_WARN_CONSTANT_CONVERSION = YES;
				CLANG_WARN_DEPRECATED_OBJC_IMPLEMENTATIONS = YES;
				CLANG_WARN_DIRECT_OBJC_ISA_USAGE = YES_ERROR;
				CLANG_WARN_DOCUMENTATION_COMMENTS = YES;
				CLANG_WARN_EMPTY_BODY = YES;
				CLANG_WARN_ENUM_CONVERSION = YES;
				CLANG_WARN_INFINITE_RECURSION = YES;
				CLANG_WARN_INT_CONVERSION = YES;
				CLANG_WARN_NON_LITERAL_NULL_CONVERSION = YES;
				CLANG_WARN_OBJC_IMPLICIT_RETAIN_SELF = YES;
				CLANG_WARN_OBJC_LITERAL_CONVERSION = YES;
				CLANG_WARN_OBJC_ROOT_CLASS = YES_ERROR;
				CLANG_WARN_QUOTED_INCLUDE_IN_FRAMEWORK_HEADER = YES;
				CLANG_WARN_RANGE_LOOP_ANALYSIS = YES;
				CLANG_WARN_STRICT_PROTOTYPES = YES;
				CLANG_WARN_SUSPICIOUS_MOVE = YES;
				CLANG_WARN_UNGUARDED_AVAILABILITY = YES_AGGRESSIVE;
				CLANG_WARN_UNREACHABLE_CODE = YES;
				CLANG_WARN__DUPLICATE_METHOD_MATCH = YES;
				COPY_PHASE_STRIP = NO;
				DEBUG_INFORMATION_FORMAT = "dwarf-with-dsym";
				ENABLE_NS_ASSERTIONS = NO;
				ENABLE_STRICT_OBJC_MSGSEND = YES;
				ENABLE_USER_SCRIPT_SANDBOXING = YES;
				GCC_C_LANGUAGE_STANDARD = gnu17;
				GCC_NO_COMMON_BLOCKS = YES;
				GCC_WARN_64_TO_32_BIT_CONVERSION = YES;
				GCC_WARN_ABOUT_RETURN_TYPE = YES_ERROR;
				GCC_WARN_UNDECLARED_SELECTOR = YES;
				GCC_WARN_UNINITIALIZED_AUTOS = YES_AGGRESSIVE;
				GCC_WARN_UNUSED_FUNCTION = YES;
				GCC_WARN_UNUSED_VARIABLE = YES;
				LOCALIZATION_PREFERS_STRING_CATALOGS = YES;
				MACOSX_DEPLOYMENT_TARGET = 14.2;
				MTL_ENABLE_DEBUG_INFO = NO;
				MTL_FAST_MATH = YES;
				SDKROOT = macosx;
				SWIFT_COMPILATION_MODE = wholemodule;
			};
			name = Release;
		};
		F8811FE82B33472700E7BA68 /* Debug */ = {
			isa = XCBuildConfiguration;
			buildSettings = {
				CODE_SIGN_ENTITLEMENTS = "Picture-In-Picture Extension/Picture_In_Picture_Extension.entitlements";
				CODE_SIGN_STYLE = Automatic;
				CURRENT_PROJECT_VERSION = 1;
				DEVELOPMENT_TEAM = HRQ4JSNN38;
				ENABLE_HARDENED_RUNTIME = YES;
				GENERATE_INFOPLIST_FILE = YES;
				INFOPLIST_FILE = "Picture-In-Picture Extension/Info.plist";
				INFOPLIST_KEY_CFBundleDisplayName = "Picture-In-Picture Extension";
				INFOPLIST_KEY_NSHumanReadableCopyright = "Copyright © 2024 Tony Coconate. All rights reserved.";
				LD_RUNPATH_SEARCH_PATHS = (
					"$(inherited)",
					"@executable_path/../Frameworks",
					"@executable_path/../../../../Frameworks",
				);
				MACOSX_DEPLOYMENT_TARGET = 10.14;
				MARKETING_VERSION = 1.0;
				OTHER_LDFLAGS = (
					"-framework",
					SafariServices,
				);
				PRODUCT_BUNDLE_IDENTIFIER = "com.tonycoco.Picture-In-Picture.Extension";
				PRODUCT_NAME = "$(TARGET_NAME)";
				SKIP_INSTALL = YES;
				SWIFT_EMIT_LOC_STRINGS = YES;
				SWIFT_VERSION = 5.0;
			};
			name = Debug;
		};
		F8811FE92B33472700E7BA68 /* Release */ = {
			isa = XCBuildConfiguration;
			buildSettings = {
				CODE_SIGN_ENTITLEMENTS = "Picture-In-Picture Extension/Picture_In_Picture_Extension.entitlements";
				CODE_SIGN_STYLE = Automatic;
				CURRENT_PROJECT_VERSION = 1;
				DEVELOPMENT_TEAM = HRQ4JSNN38;
				ENABLE_HARDENED_RUNTIME = YES;
				GENERATE_INFOPLIST_FILE = YES;
				INFOPLIST_FILE = "Picture-In-Picture Extension/Info.plist";
				INFOPLIST_KEY_CFBundleDisplayName = "Picture-In-Picture Extension";
				INFOPLIST_KEY_NSHumanReadableCopyright = "Copyright © 2024 Tony Coconate. All rights reserved.";
				LD_RUNPATH_SEARCH_PATHS = (
					"$(inherited)",
					"@executable_path/../Frameworks",
					"@executable_path/../../../../Frameworks",
				);
				MACOSX_DEPLOYMENT_TARGET = 10.14;
				MARKETING_VERSION = 1.0;
				OTHER_LDFLAGS = (
					"-framework",
					SafariServices,
				);
				PRODUCT_BUNDLE_IDENTIFIER = "com.tonycoco.Picture-In-Picture.Extension";
				PRODUCT_NAME = "$(TARGET_NAME)";
				SKIP_INSTALL = YES;
				SWIFT_EMIT_LOC_STRINGS = YES;
				SWIFT_VERSION = 5.0;
			};
			name = Release;
		};
		F8811FEC2B33472700E7BA68 /* Debug */ = {
			isa = XCBuildConfiguration;
			buildSettings = {
				ALWAYS_EMBED_SWIFT_STANDARD_LIBRARIES = YES;
				ASSETCATALOG_COMPILER_APPICON_NAME = AppIcon;
				ASSETCATALOG_COMPILER_GLOBAL_ACCENT_COLOR_NAME = AccentColor;
				CODE_SIGN_ENTITLEMENTS = "Picture-In-Picture/Picture-In-Picture.entitlements";
				CODE_SIGN_STYLE = Automatic;
				COMBINE_HIDPI_IMAGES = YES;
				CURRENT_PROJECT_VERSION = 1;
				DEVELOPMENT_TEAM = HRQ4JSNN38;
				ENABLE_HARDENED_RUNTIME = YES;
				GENERATE_INFOPLIST_FILE = YES;
				INFOPLIST_KEY_CFBundleDisplayName = "Picture-In-Picture";
				INFOPLIST_KEY_LSApplicationCategoryType = "public.app-category.utilities";
				INFOPLIST_KEY_NSHumanReadableCopyright = "Copyright © 2024 Tony Coconate. All rights reserved.";
				INFOPLIST_KEY_NSMainStoryboardFile = Main;
				INFOPLIST_KEY_NSPrincipalClass = NSApplication;
				LD_RUNPATH_SEARCH_PATHS = (
					"$(inherited)",
					"@executable_path/../Frameworks",
				);
				MACOSX_DEPLOYMENT_TARGET = 10.14;
				MARKETING_VERSION = 1.0;
				OTHER_LDFLAGS = (
					"-framework",
					SafariServices,
					"-framework",
					WebKit,
				);
				PRODUCT_BUNDLE_IDENTIFIER = "com.tonycoco.Picture-In-Picture";
				PRODUCT_NAME = "$(TARGET_NAME)";
				SWIFT_EMIT_LOC_STRINGS = YES;
				SWIFT_VERSION = 5.0;
			};
			name = Debug;
		};
		F8811FED2B33472700E7BA68 /* Release */ = {
			isa = XCBuildConfiguration;
			buildSettings = {
				ALWAYS_EMBED_SWIFT_STANDARD_LIBRARIES = YES;
				ASSETCATALOG_COMPILER_APPICON_NAME = AppIcon;
				ASSETCATALOG_COMPILER_GLOBAL_ACCENT_COLOR_NAME = AccentColor;
				CODE_SIGN_ENTITLEMENTS = "Picture-In-Picture/Picture-In-Picture.entitlements";
				CODE_SIGN_STYLE = Automatic;
				COMBINE_HIDPI_IMAGES = YES;
				CURRENT_PROJECT_VERSION = 1;
				DEVELOPMENT_TEAM = HRQ4JSNN38;
				ENABLE_HARDENED_RUNTIME = YES;
				GENERATE_INFOPLIST_FILE = YES;
				INFOPLIST_KEY_CFBundleDisplayName = "Picture-In-Picture";
				INFOPLIST_KEY_LSApplicationCategoryType = "public.app-category.utilities";
				INFOPLIST_KEY_NSHumanReadableCopyright = "Copyright © 2024 Tony Coconate. All rights reserved.";
				INFOPLIST_KEY_NSMainStoryboardFile = Main;
				INFOPLIST_KEY_NSPrincipalClass = NSApplication;
				LD_RUNPATH_SEARCH_PATHS = (
					"$(inherited)",
					"@executable_path/../Frameworks",
				);
				MACOSX_DEPLOYMENT_TARGET = 10.14;
				MARKETING_VERSION = 1.0;
				OTHER_LDFLAGS = (
					"-framework",
					SafariServices,
					"-framework",
					WebKit,
				);
				PRODUCT_BUNDLE_IDENTIFIER = "com.tonycoco.Picture-In-Picture";
				PRODUCT_NAME = "$(TARGET_NAME)";
				SWIFT_EMIT_LOC_STRINGS = YES;
				SWIFT_VERSION = 5.0;
			};
			name = Release;
		};
/* End XCBuildConfiguration section */

/* Begin XCConfigurationList section */
		F8811FB12B33472600E7BA68 /* Build configuration list for PBXProject "Picture-In-Picture" */ = {
			isa = XCConfigurationList;
			buildConfigurations = (
				F8811FE52B33472700E7BA68 /* Debug */,
				F8811FE62B33472700E7BA68 /* Release */,
			);
			defaultConfigurationIsVisible = 0;
			defaultConfigurationName = Release;
		};
		F8811FE72B33472700E7BA68 /* Build configuration list for PBXNativeTarget "Picture-In-Picture Extension" */ = {
			isa = XCConfigurationList;
			buildConfigurations = (
				F8811FE82B33472700E7BA68 /* Debug */,
				F8811FE92B33472700E7BA68 /* Release */,
			);
			defaultConfigurationIsVisible = 0;
			defaultConfigurationName = Release;
		};
		F8811FEB2B33472700E7BA68 /* Build configuration list for PBXNativeTarget "Picture-In-Picture" */ = {
			isa = XCConfigurationList;
			buildConfigurations = (
				F8811FEC2B33472700E7BA68 /* Debug */,
				F8811FED2B33472700E7BA68 /* Release */,
			);
			defaultConfigurationIsVisible = 0;
			defaultConfigurationName = Release;
		};
/* End XCConfigurationList section */
	};
	rootObject = F8811FAE2B33472600E7BA68 /* Project object */;
}
